// !$*UTF8*$!
{
	archiveVersion = 1;
	classes = {
	};
	objectVersion = 50;
	objects = {

/* Begin PBXBuildFile section */
		77348FDA246060380087D001 /* AppDelegate.swift in Sources */ = {isa = PBXBuildFile; fileRef = 77348FD9246060380087D001 /* AppDelegate.swift */; };
		77348FDC246060380087D001 /* SceneDelegate.swift in Sources */ = {isa = PBXBuildFile; fileRef = 77348FDB246060380087D001 /* SceneDelegate.swift */; };
		77348FDE246060380087D001 /* SearchViewController.swift in Sources */ = {isa = PBXBuildFile; fileRef = 77348FDD246060380087D001 /* SearchViewController.swift */; };
		77348FE1246060380087D001 /* Main.storyboard in Resources */ = {isa = PBXBuildFile; fileRef = 77348FDF246060380087D001 /* Main.storyboard */; };
		77348FE32460603B0087D001 /* Assets.xcassets in Resources */ = {isa = PBXBuildFile; fileRef = 77348FE22460603B0087D001 /* Assets.xcassets */; };
		77348FE62460603B0087D001 /* LaunchScreen.storyboard in Resources */ = {isa = PBXBuildFile; fileRef = 77348FE42460603B0087D001 /* LaunchScreen.storyboard */; };
		77348FEE246141C30087D001 /* MainViewController.swift in Sources */ = {isa = PBXBuildFile; fileRef = 77348FED246141C30087D001 /* MainViewController.swift */; };
		77348FF324615EB60087D001 /* ApiData.swift in Sources */ = {isa = PBXBuildFile; fileRef = 77348FF224615EB60087D001 /* ApiData.swift */; };
		77348FF524615ED00087D001 /* DataManager.swift in Sources */ = {isa = PBXBuildFile; fileRef = 77348FF424615ED00087D001 /* DataManager.swift */; };
		77348FF724615F000087D001 /* PhotoModel.swift in Sources */ = {isa = PBXBuildFile; fileRef = 77348FF624615F000087D001 /* PhotoModel.swift */; };
		77348FFA246180A70087D001 /* DetailViewController.swift in Sources */ = {isa = PBXBuildFile; fileRef = 77348FF9246180A70087D001 /* DetailViewController.swift */; };
		77348FFE2461813C0087D001 /* CollectionViewCell.swift in Sources */ = {isa = PBXBuildFile; fileRef = 77348FFD2461813C0087D001 /* CollectionViewCell.swift */; };
		7734904A2463D73B0087D001 /* FavoriteViewController.swift in Sources */ = {isa = PBXBuildFile; fileRef = 773490492463D73B0087D001 /* FavoriteViewController.swift */; };
		7734904C2463D75E0087D001 /* FavoriteCollectionViewCell.swift in Sources */ = {isa = PBXBuildFile; fileRef = 7734904B2463D75E0087D001 /* FavoriteCollectionViewCell.swift */; };
		7734904E2463F7E70087D001 /* UserPreference.swift in Sources */ = {isa = PBXBuildFile; fileRef = 7734904D2463F7E70087D001 /* UserPreference.swift */; };
/* End PBXBuildFile section */

/* Begin PBXFileReference section */
		77348FD6246060380087D001 /* ajtaiwanInterview.app */ = {isa = PBXFileReference; explicitFileType = wrapper.application; includeInIndex = 0; path = ajtaiwanInterview.app; sourceTree = BUILT_PRODUCTS_DIR; };
		77348FD9246060380087D001 /* AppDelegate.swift */ = {isa = PBXFileReference; lastKnownFileType = sourcecode.swift; path = AppDelegate.swift; sourceTree = "<group>"; };
		77348FDB246060380087D001 /* SceneDelegate.swift */ = {isa = PBXFileReference; lastKnownFileType = sourcecode.swift; path = SceneDelegate.swift; sourceTree = "<group>"; };
		77348FDD246060380087D001 /* SearchViewController.swift */ = {isa = PBXFileReference; lastKnownFileType = sourcecode.swift; path = SearchViewController.swift; sourceTree = "<group>"; };
		77348FE0246060380087D001 /* Base */ = {isa = PBXFileReference; lastKnownFileType = file.storyboard; name = Base; path = Base.lproj/Main.storyboard; sourceTree = "<group>"; };
		77348FE22460603B0087D001 /* Assets.xcassets */ = {isa = PBXFileReference; lastKnownFileType = folder.assetcatalog; path = Assets.xcassets; sourceTree = "<group>"; };
		77348FE52460603B0087D001 /* Base */ = {isa = PBXFileReference; lastKnownFileType = file.storyboard; name = Base; path = Base.lproj/LaunchScreen.storyboard; sourceTree = "<group>"; };
		77348FE72460603B0087D001 /* Info.plist */ = {isa = PBXFileReference; lastKnownFileType = text.plist.xml; path = Info.plist; sourceTree = "<group>"; };
		77348FED246141C30087D001 /* MainViewController.swift */ = {isa = PBXFileReference; lastKnownFileType = sourcecode.swift; path = MainViewController.swift; sourceTree = "<group>"; };
		77348FF224615EB60087D001 /* ApiData.swift */ = {isa = PBXFileReference; lastKnownFileType = sourcecode.swift; path = ApiData.swift; sourceTree = "<group>"; };
		77348FF424615ED00087D001 /* DataManager.swift */ = {isa = PBXFileReference; lastKnownFileType = sourcecode.swift; path = DataManager.swift; sourceTree = "<group>"; };
		77348FF624615F000087D001 /* PhotoModel.swift */ = {isa = PBXFileReference; lastKnownFileType = sourcecode.swift; path = PhotoModel.swift; sourceTree = "<group>"; };
		77348FF9246180A70087D001 /* DetailViewController.swift */ = {isa = PBXFileReference; lastKnownFileType = sourcecode.swift; name = DetailViewController.swift; path = ajtaiwanInterview/Controller/DetailViewController.swift; sourceTree = SOURCE_ROOT; };
		77348FFD2461813C0087D001 /* CollectionViewCell.swift */ = {isa = PBXFileReference; lastKnownFileType = sourcecode.swift; path = CollectionViewCell.swift; sourceTree = "<group>"; };
		773490492463D73B0087D001 /* FavoriteViewController.swift */ = {isa = PBXFileReference; lastKnownFileType = sourcecode.swift; path = FavoriteViewController.swift; sourceTree = "<group>"; };
		7734904B2463D75E0087D001 /* FavoriteCollectionViewCell.swift */ = {isa = PBXFileReference; lastKnownFileType = sourcecode.swift; path = FavoriteCollectionViewCell.swift; sourceTree = "<group>"; };
		7734904D2463F7E70087D001 /* UserPreference.swift */ = {isa = PBXFileReference; lastKnownFileType = sourcecode.swift; path = UserPreference.swift; sourceTree = "<group>"; };
/* End PBXFileReference section */

/* Begin PBXFrameworksBuildPhase section */
		77348FD3246060380087D001 /* Frameworks */ = {
			isa = PBXFrameworksBuildPhase;
			buildActionMask = 2147483647;
			files = (
			);
			runOnlyForDeploymentPostprocessing = 0;
		};
/* End PBXFrameworksBuildPhase section */

/* Begin PBXGroup section */
		77348FCD246060380087D001 = {
			isa = PBXGroup;
			children = (
				77348FD8246060380087D001 /* ajtaiwanInterview */,
				77348FD7246060380087D001 /* Products */,
			);
			sourceTree = "<group>";
		};
		77348FD7246060380087D001 /* Products */ = {
			isa = PBXGroup;
			children = (
				77348FD6246060380087D001 /* ajtaiwanInterview.app */,
			);
			name = Products;
			sourceTree = "<group>";
		};
		77348FD8246060380087D001 /* ajtaiwanInterview */ = {
			isa = PBXGroup;
			children = (
				77348FD9246060380087D001 /* AppDelegate.swift */,
				77348FDB246060380087D001 /* SceneDelegate.swift */,
				77348FF124615E880087D001 /* Model */,
				77348FEF24615E5A0087D001 /* View */,
				77348FF024615E680087D001 /* Controller */,
				77348FE22460603B0087D001 /* Assets.xcassets */,
				77348FE42460603B0087D001 /* LaunchScreen.storyboard */,
				77348FE72460603B0087D001 /* Info.plist */,
			);
			path = ajtaiwanInterview;
			sourceTree = "<group>";
		};
		77348FEF24615E5A0087D001 /* View */ = {
			isa = PBXGroup;
			children = (
				77348FDF246060380087D001 /* Main.storyboard */,
				77348FFD2461813C0087D001 /* CollectionViewCell.swift */,
				7734904B2463D75E0087D001 /* FavoriteCollectionViewCell.swift */,
			);
			path = View;
			sourceTree = "<group>";
		};
		77348FF024615E680087D001 /* Controller */ = {
			isa = PBXGroup;
			children = (
				77348FDD246060380087D001 /* SearchViewController.swift */,
				77348FED246141C30087D001 /* MainViewController.swift */,
				773490492463D73B0087D001 /* FavoriteViewController.swift */,
				77348FF9246180A70087D001 /* DetailViewController.swift */,
			);
			path = Controller;
			sourceTree = "<group>";
		};
		77348FF124615E880087D001 /* Model */ = {
			isa = PBXGroup;
			children = (
				77348FF224615EB60087D001 /* ApiData.swift */,
				77348FF424615ED00087D001 /* DataManager.swift */,
				77348FF624615F000087D001 /* PhotoModel.swift */,
				7734904D2463F7E70087D001 /* UserPreference.swift */,
			);
			path = Model;
			sourceTree = "<group>";
		};
/* End PBXGroup section */

/* Begin PBXNativeTarget section */
		77348FD5246060380087D001 /* ajtaiwanInterview */ = {
			isa = PBXNativeTarget;
			buildConfigurationList = 77348FEA2460603B0087D001 /* Build configuration list for PBXNativeTarget "ajtaiwanInterview" */;
			buildPhases = (
				77348FD2246060380087D001 /* Sources */,
				77348FD3246060380087D001 /* Frameworks */,
				77348FD4246060380087D001 /* Resources */,
			);
			buildRules = (
			);
			dependencies = (
			);
			name = ajtaiwanInterview;
			productName = ajtaiwanInterview;
			productReference = 77348FD6246060380087D001 /* ajtaiwanInterview.app */;
			productType = "com.apple.product-type.application";
		};
/* End PBXNativeTarget section */

/* Begin PBXProject section */
		77348FCE246060380087D001 /* Project object */ = {
			isa = PBXProject;
			attributes = {
				LastSwiftUpdateCheck = 1140;
				LastUpgradeCheck = 1140;
				ORGANIZATIONNAME = "HSU, Hong-Wei";
				TargetAttributes = {
					77348FD5246060380087D001 = {
						CreatedOnToolsVersion = 11.4.1;
					};
				};
			};
			buildConfigurationList = 77348FD1246060380087D001 /* Build configuration list for PBXProject "ajtaiwanInterview" */;
			compatibilityVersion = "Xcode 9.3";
			developmentRegion = en;
			hasScannedForEncodings = 0;
			knownRegions = (
				en,
				Base,
			);
			mainGroup = 77348FCD246060380087D001;
			productRefGroup = 77348FD7246060380087D001 /* Products */;
			projectDirPath = "";
			projectRoot = "";
			targets = (
				77348FD5246060380087D001 /* ajtaiwanInterview */,
			);
		};
/* End PBXProject section */

/* Begin PBXResourcesBuildPhase section */
		77348FD4246060380087D001 /* Resources */ = {
			isa = PBXResourcesBuildPhase;
			buildActionMask = 2147483647;
			files = (
				77348FE62460603B0087D001 /* LaunchScreen.storyboard in Resources */,
				77348FE32460603B0087D001 /* Assets.xcassets in Resources */,
				77348FE1246060380087D001 /* Main.storyboard in Resources */,
			);
			runOnlyForDeploymentPostprocessing = 0;
		};
/* End PBXResourcesBuildPhase section */

/* Begin PBXSourcesBuildPhase section */
		77348FD2246060380087D001 /* Sources */ = {
			isa = PBXSourcesBuildPhase;
			buildActionMask = 2147483647;
			files = (
				77348FF724615F000087D001 /* PhotoModel.swift in Sources */,
				7734904E2463F7E70087D001 /* UserPreference.swift in Sources */,
				77348FDE246060380087D001 /* SearchViewController.swift in Sources */,
				77348FFE2461813C0087D001 /* CollectionViewCell.swift in Sources */,
				77348FF524615ED00087D001 /* DataManager.swift in Sources */,
				7734904A2463D73B0087D001 /* FavoriteViewController.swift in Sources */,
				77348FF324615EB60087D001 /* ApiData.swift in Sources */,
				77348FDA246060380087D001 /* AppDelegate.swift in Sources */,
				77348FDC246060380087D001 /* SceneDelegate.swift in Sources */,
				7734904C2463D75E0087D001 /* FavoriteCollectionViewCell.swift in Sources */,
				77348FEE246141C30087D001 /* MainViewController.swift in Sources */,
				77348FFA246180A70087D001 /* DetailViewController.swift in Sources */,
			);
			runOnlyForDeploymentPostprocessing = 0;
		};
/* End PBXSourcesBuildPhase section */

/* Begin PBXVariantGroup section */
		77348FDF246060380087D001 /* Main.storyboard */ = {
			isa = PBXVariantGroup;
			children = (
				77348FE0246060380087D001 /* Base */,
			);
			name = Main.storyboard;
			sourceTree = "<group>";
		};
		77348FE42460603B0087D001 /* LaunchScreen.storyboard */ = {
			isa = PBXVariantGroup;
			children = (
				77348FE52460603B0087D001 /* Base */,
			);
			name = LaunchScreen.storyboard;
			sourceTree = "<group>";
		};
/* End PBXVariantGroup section */

/* Begin XCBuildConfiguration section */
		77348FE82460603B0087D001 /* Debug */ = {
			isa = XCBuildConfiguration;
			buildSettings = {
				ALWAYS_SEARCH_USER_PATHS = NO;
				CLANG_ANALYZER_NONNULL = YES;
				CLANG_ANALYZER_NUMBER_OBJECT_CONVERSION = YES_AGGRESSIVE;
				CLANG_CXX_LANGUAGE_STANDARD = "gnu++14";
				CLANG_CXX_LIBRARY = "libc++";
				CLANG_ENABLE_MODULES = YES;
				CLANG_ENABLE_OBJC_ARC = YES;
				CLANG_ENABLE_OBJC_WEAK = YES;
				CLANG_WARN_BLOCK_CAPTURE_AUTORELEASING = YES;
				CLANG_WARN_BOOL_CONVERSION = YES;
				CLANG_WARN_COMMA = YES;
				CLANG_WARN_CONSTANT_CONVERSION = YES;
				CLANG_WARN_DEPRECATED_OBJC_IMPLEMENTATIONS = YES;
				CLANG_WARN_DIRECT_OBJC_ISA_USAGE = YES_ERROR;
				CLANG_WARN_DOCUMENTATION_COMMENTS = YES;
				CLANG_WARN_EMPTY_BODY = YES;
				CLANG_WARN_ENUM_CONVERSION = YES;
				CLANG_WARN_INFINITE_RECURSION = YES;
				CLANG_WARN_INT_CONVERSION = YES;
				CLANG_WARN_NON_LITERAL_NULL_CONVERSION = YES;
				CLANG_WARN_OBJC_IMPLICIT_RETAIN_SELF = YES;
				CLANG_WARN_OBJC_LITERAL_CONVERSION = YES;
				CLANG_WARN_OBJC_ROOT_CLASS = YES_ERROR;
				CLANG_WARN_RANGE_LOOP_ANALYSIS = YES;
				CLANG_WARN_STRICT_PROTOTYPES = YES;
				CLANG_WARN_SUSPICIOUS_MOVE = YES;
				CLANG_WARN_UNGUARDED_AVAILABILITY = YES_AGGRESSIVE;
				CLANG_WARN_UNREACHABLE_CODE = YES;
				CLANG_WARN__DUPLICATE_METHOD_MATCH = YES;
				COPY_PHASE_STRIP = NO;
				DEBUG_INFORMATION_FORMAT = dwarf;
				ENABLE_STRICT_OBJC_MSGSEND = YES;
				ENABLE_TESTABILITY = YES;
				GCC_C_LANGUAGE_STANDARD = gnu11;
				GCC_DYNAMIC_NO_PIC = NO;
				GCC_NO_COMMON_BLOCKS = YES;
				GCC_OPTIMIZATION_LEVEL = 0;
				GCC_PREPROCESSOR_DEFINITIONS = (
					"DEBUG=1",
					"$(inherited)",
				);
				GCC_WARN_64_TO_32_BIT_CONVERSION = YES;
				GCC_WARN_ABOUT_RETURN_TYPE = YES_ERROR;
				GCC_WARN_UNDECLARED_SELECTOR = YES;
				GCC_WARN_UNINITIALIZED_AUTOS = YES_AGGRESSIVE;
				GCC_WARN_UNUSED_FUNCTION = YES;
				GCC_WARN_UNUSED_VARIABLE = YES;
				IPHONEOS_DEPLOYMENT_TARGET = 13.4;
				MTL_ENABLE_DEBUG_INFO = INCLUDE_SOURCE;
				MTL_FAST_MATH = YES;
				ONLY_ACTIVE_ARCH = YES;
				SDKROOT = iphoneos;
				SWIFT_ACTIVE_COMPILATION_CONDITIONS = DEBUG;
				SWIFT_OPTIMIZATION_LEVEL = "-Onone";
			};
			name = Debug;
		};
		77348FE92460603B0087D001 /* Release */ = {
			isa = XCBuildConfiguration;
			buildSettings = {
				ALWAYS_SEARCH_USER_PATHS = NO;
				CLANG_ANALYZER_NONNULL = YES;
				CLANG_ANALYZER_NUMBER_OBJECT_CONVERSION = YES_AGGRESSIVE;
				CLANG_CXX_LANGUAGE_STANDARD = "gnu++14";
				CLANG_CXX_LIBRARY = "libc++";
				CLANG_ENABLE_MODULES = YES;
				CLANG_ENABLE_OBJC_ARC = YES;
				CLANG_ENABLE_OBJC_WEAK = YES;
				CLANG_WARN_BLOCK_CAPTURE_AUTORELEASING = YES;
				CLANG_WARN_BOOL_CONVERSION = YES;
				CLANG_WARN_COMMA = YES;
				CLANG_WARN_CONSTANT_CONVERSION = YES;
				CLANG_WARN_DEPRECATED_OBJC_IMPLEMENTATIONS = YES;
				CLANG_WARN_DIRECT_OBJC_ISA_USAGE = YES_ERROR;
				CLANG_WARN_DOCUMENTATION_COMMENTS = YES;
				CLANG_WARN_EMPTY_BODY = YES;
				CLANG_WARN_ENUM_CONVERSION = YES;
				CLANG_WARN_INFINITE_RECURSION = YES;
				CLANG_WARN_INT_CONVERSION = YES;
				CLANG_WARN_NON_LITERAL_NULL_CONVERSION = YES;
				CLANG_WARN_OBJC_IMPLICIT_RETAIN_SELF = YES;
				CLANG_WARN_OBJC_LITERAL_CONVERSION = YES;
				CLANG_WARN_OBJC_ROOT_CLASS = YES_ERROR;
				CLANG_WARN_RANGE_LOOP_ANALYSIS = YES;
				CLANG_WARN_STRICT_PROTOTYPES = YES;
				CLANG_WARN_SUSPICIOUS_MOVE = YES;
				CLANG_WARN_UNGUARDED_AVAILABILITY = YES_AGGRESSIVE;
				CLANG_WARN_UNREACHABLE_CODE = YES;
				CLANG_WARN__DUPLICATE_METHOD_MATCH = YES;
				COPY_PHASE_STRIP = NO;
				DEBUG_INFORMATION_FORMAT = "dwarf-with-dsym";
				ENABLE_NS_ASSERTIONS = NO;
				ENABLE_STRICT_OBJC_MSGSEND = YES;
				GCC_C_LANGUAGE_STANDARD = gnu11;
				GCC_NO_COMMON_BLOCKS = YES;
				GCC_WARN_64_TO_32_BIT_CONVERSION = YES;
				GCC_WARN_ABOUT_RETURN_TYPE = YES_ERROR;
				GCC_WARN_UNDECLARED_SELECTOR = YES;
				GCC_WARN_UNINITIALIZED_AUTOS = YES_AGGRESSIVE;
				GCC_WARN_UNUSED_FUNCTION = YES;
				GCC_WARN_UNUSED_VARIABLE = YES;
				IPHONEOS_DEPLOYMENT_TARGET = 13.4;
				MTL_ENABLE_DEBUG_INFO = NO;
				MTL_FAST_MATH = YES;
				SDKROOT = iphoneos;
				SWIFT_COMPILATION_MODE = wholemodule;
				SWIFT_OPTIMIZATION_LEVEL = "-O";
				VALIDATE_PRODUCT = YES;
			};
			name = Release;
		};
		77348FEB2460603B0087D001 /* Debug */ = {
			isa = XCBuildConfiguration;
			buildSettings = {
				ASSETCATALOG_COMPILER_APPICON_NAME = AppIcon;
				CODE_SIGN_STYLE = Automatic;
				INFOPLIST_FILE = ajtaiwanInterview/Info.plist;
				LD_RUNPATH_SEARCH_PATHS = (
					"$(inherited)",
					"@executable_path/Frameworks",
				);
				PRODUCT_BUNDLE_IDENTIFIER = Hello.ajtaiwanInterview;
				PRODUCT_NAME = "$(TARGET_NAME)";
				SWIFT_VERSION = 5.0;
				TARGETED_DEVICE_FAMILY = "1,2";
			};
			name = Debug;
		};
		77348FEC2460603B0087D001 /* Release */ = {
			isa = XCBuildConfiguration;
			buildSettings = {
				ASSETCATALOG_COMPILER_APPICON_NAME = AppIcon;
				CODE_SIGN_STYLE = Automatic;
				INFOPLIST_FILE = ajtaiwanInterview/Info.plist;
				LD_RUNPATH_SEARCH_PATHS = (
					"$(inherited)",
					"@executable_path/Frameworks",
				);
				PRODUCT_BUNDLE_IDENTIFIER = Hello.ajtaiwanInterview;
				PRODUCT_NAME = "$(TARGET_NAME)";
				SWIFT_VERSION = 5.0;
				TARGETED_DEVICE_FAMILY = "1,2";
			};
			name = Release;
		};
/* End XCBuildConfiguration section */

/* Begin XCConfigurationList section */
		77348FD1246060380087D001 /* Build configuration list for PBXProject "ajtaiwanInterview" */ = {
			isa = XCConfigurationList;
			buildConfigurations = (
				77348FE82460603B0087D001 /* Debug */,
				77348FE92460603B0087D001 /* Release */,
			);
			defaultConfigurationIsVisible = 0;
			defaultConfigurationName = Release;
		};
		77348FEA2460603B0087D001 /* Build configuration list for PBXNativeTarget "ajtaiwanInterview" */ = {
			isa = XCConfigurationList;
			buildConfigurations = (
				77348FEB2460603B0087D001 /* Debug */,
				77348FEC2460603B0087D001 /* Release */,
			);
			defaultConfigurationIsVisible = 0;
			defaultConfigurationName = Release;
		};
/* End XCConfigurationList section */
	};
	rootObject = 77348FCE246060380087D001 /* Project object */;
}
